
Microsoft Visual Studio Solution File, Format Version 12.00
# Visual Studio Version 17
VisualStudioVersion = 17.12.35514.174
MinimumVisualStudioVersion = 10.0.40219.1
Project("{8BC9CEB8-8B4A-11D0-8D11-00A0C91BC942}") = "ConsoleApplication1", "ConsoleApplication1\ConsoleApplication1.vcxproj", "{C0963733-917D-4805-850F-2416AF056102}"
EndProject
Project("{8BC9CEB8-8B4A-11D0-8D11-00A0C91BC942}") = "ConsoleApplication2", "ConsoleApplication2\ConsoleApplication2.vcxproj", "{B339D6C2-B98D-47F5-919A-0F266C712ADA}"
EndProject
Project("{8BC9CEB8-8B4A-11D0-8D11-00A0C91BC942}") = "ConsoleApplication3", "ConsoleApplication3\ConsoleApplication3.vcxproj", "{0E72AA0D-3353-48FD-85C2-FA11ED4A9694}"
EndProject
Project("{8BC9CEB8-8B4A-11D0-8D11-00A0C91BC942}") = "numerical_analysis", "numerical_analysis\numerical_analysis.vcxproj", "{1E5E6209-DB1D-40F5-B434-46665B00F33F}"
EndProject
Project("{8BC9CEB8-8B4A-11D0-8D11-00A0C91BC942}") = "OOP", "OOP\OOP.vcxproj", "{69A97784-63E3-446C-8DCA-8549ED2444C0}"
EndProject
Project("{8BC9CEB8-8B4A-11D0-8D11-00A0C91BC942}") = "ConsoleApplication4", "ConsoleApplication4\ConsoleApplication4.vcxproj", "{3AE7B2F2-099C-4BF8-A0AB-D9CE3A6154EF}"
EndProject
Project("{8BC9CEB8-8B4A-11D0-8D11-00A0C91BC942}") = "BST", "BST\BST.vcxproj", "{ED4CE509-950B-4802-B0C5-66FA52193799}"
EndProject
Project("{8BC9CEB8-8B4A-11D0-8D11-00A0C91BC942}") = "asd", "asd\asd.vcxproj", "{B7BB13E0-F4F1-4EB6-A7C8-0F2995EEA25F}"
EndProject
Project("{8BC9CEB8-8B4A-11D0-8D11-00A0C91BC942}") = "Trie", "Trie\Trie.vcxproj", "{8C99E2DD-8A77-4489-95EA-EFFA7749DA56}"
EndProject
Global
	GlobalSection(SolutionConfigurationPlatforms) = preSolution
		Debug|x64 = Debug|x64
		Debug|x86 = Debug|x86
		Release|x64 = Release|x64
		Release|x86 = Release|x86
	EndGlobalSection
	GlobalSection(ProjectConfigurationPlatforms) = postSolution
		{C0963733-917D-4805-850F-2416AF056102}.Debug|x64.ActiveCfg = Debug|x64
		{C0963733-917D-4805-850F-2416AF056102}.Debug|x64.Build.0 = Debug|x64
		{C0963733-917D-4805-850F-2416AF056102}.Debug|x86.ActiveCfg = Debug|Win32
		{C0963733-917D-4805-850F-2416AF056102}.Debug|x86.Build.0 = Debug|Win32
		{C0963733-917D-4805-850F-2416AF056102}.Release|x64.ActiveCfg = Release|x64
		{C0963733-917D-4805-850F-2416AF056102}.Release|x64.Build.0 = Release|x64
		{C0963733-917D-4805-850F-2416AF056102}.Release|x86.ActiveCfg = Release|Win32
		{C0963733-917D-4805-850F-2416AF056102}.Release|x86.Build.0 = Release|Win32
		{B339D6C2-B98D-47F5-919A-0F266C712ADA}.Debug|x64.ActiveCfg = Debug|x64
		{B339D6C2-B98D-47F5-919A-0F266C712ADA}.Debug|x64.Build.0 = Debug|x64
		{B339D6C2-B98D-47F5-919A-0F266C712ADA}.Debug|x86.ActiveCfg = Debug|Win32
		{B339D6C2-B98D-47F5-919A-0F266C712ADA}.Debug|x86.Build.0 = Debug|Win32
		{B339D6C2-B98D-47F5-919A-0F266C712ADA}.Release|x64.ActiveCfg = Release|x64
		{B339D6C2-B98D-47F5-919A-0F266C712ADA}.Release|x64.Build.0 = Release|x64
		{B339D6C2-B98D-47F5-919A-0F266C712ADA}.Release|x86.ActiveCfg = Release|Win32
		{B339D6C2-B98D-47F5-919A-0F266C712ADA}.Release|x86.Build.0 = Release|Win32
		{0E72AA0D-3353-48FD-85C2-FA11ED4A9694}.Debug|x64.ActiveCfg = Debug|x64
		{0E72AA0D-3353-48FD-85C2-FA11ED4A9694}.Debug|x64.Build.0 = Debug|x64
		{0E72AA0D-3353-48FD-85C2-FA11ED4A9694}.Debug|x86.ActiveCfg = Debug|Win32
		{0E72AA0D-3353-48FD-85C2-FA11ED4A9694}.Debug|x86.Build.0 = Debug|Win32
		{0E72AA0D-3353-48FD-85C2-FA11ED4A9694}.Release|x64.ActiveCfg = Release|x64
		{0E72AA0D-3353-48FD-85C2-FA11ED4A9694}.Release|x64.Build.0 = Release|x64
		{0E72AA0D-3353-48FD-85C2-FA11ED4A9694}.Release|x86.ActiveCfg = Release|Win32
		{0E72AA0D-3353-48FD-85C2-FA11ED4A9694}.Release|x86.Build.0 = Release|Win32
		{1E5E6209-DB1D-40F5-B434-46665B00F33F}.Debug|x64.ActiveCfg = Debug|x64
		{1E5E6209-DB1D-40F5-B434-46665B00F33F}.Debug|x64.Build.0 = Debug|x64
		{1E5E6209-DB1D-40F5-B434-46665B00F33F}.Debug|x86.ActiveCfg = Debug|Win32
		{1E5E6209-DB1D-40F5-B434-46665B00F33F}.Debug|x86.Build.0 = Debug|Win32
		{1E5E6209-DB1D-40F5-B434-46665B00F33F}.Release|x64.ActiveCfg = Release|x64
		{1E5E6209-DB1D-40F5-B434-46665B00F33F}.Release|x64.Build.0 = Release|x64
		{1E5E6209-DB1D-40F5-B434-46665B00F33F}.Release|x86.ActiveCfg = Release|Win32
		{1E5E6209-DB1D-40F5-B434-46665B00F33F}.Release|x86.Build.0 = Release|Win32
		{69A97784-63E3-446C-8DCA-8549ED2444C0}.Debug|x64.ActiveCfg = Debug|x64
		{69A97784-63E3-446C-8DCA-8549ED2444C0}.Debug|x64.Build.0 = Debug|x64
		{69A97784-63E3-446C-8DCA-8549ED2444C0}.Debug|x86.ActiveCfg = Debug|Win32
		{69A97784-63E3-446C-8DCA-8549ED2444C0}.Debug|x86.Build.0 = Debug|Win32
		{69A97784-63E3-446C-8DCA-8549ED2444C0}.Release|x64.ActiveCfg = Release|x64
		{69A97784-63E3-446C-8DCA-8549ED2444C0}.Release|x64.Build.0 = Release|x64
		{69A97784-63E3-446C-8DCA-8549ED2444C0}.Release|x86.ActiveCfg = Release|Win32
		{69A97784-63E3-446C-8DCA-8549ED2444C0}.Release|x86.Build.0 = Release|Win32
		{3AE7B2F2-099C-4BF8-A0AB-D9CE3A6154EF}.Debug|x64.ActiveCfg = Debug|x64
		{3AE7B2F2-099C-4BF8-A0AB-D9CE3A6154EF}.Debug|x64.Build.0 = Debug|x64
		{3AE7B2F2-099C-4BF8-A0AB-D9CE3A6154EF}.Debug|x86.ActiveCfg = Debug|Win32
		{3AE7B2F2-099C-4BF8-A0AB-D9CE3A6154EF}.Debug|x86.Build.0 = Debug|Win32
		{3AE7B2F2-099C-4BF8-A0AB-D9CE3A6154EF}.Release|x64.ActiveCfg = Release|x64
		{3AE7B2F2-099C-4BF8-A0AB-D9CE3A6154EF}.Release|x64.Build.0 = Release|x64
		{3AE7B2F2-099C-4BF8-A0AB-D9CE3A6154EF}.Release|x86.ActiveCfg = Release|Win32
		{3AE7B2F2-099C-4BF8-A0AB-D9CE3A6154EF}.Release|x86.Build.0 = Release|Win32
		{ED4CE509-950B-4802-B0C5-66FA52193799}.Debug|x64.ActiveCfg = Debug|x64
		{ED4CE509-950B-4802-B0C5-66FA52193799}.Debug|x64.Build.0 = Debug|x64
		{ED4CE509-950B-4802-B0C5-66FA52193799}.Debug|x86.ActiveCfg = Debug|Win32
		{ED4CE509-950B-4802-B0C5-66FA52193799}.Debug|x86.Build.0 = Debug|Win32
		{ED4CE509-950B-4802-B0C5-66FA52193799}.Release|x64.ActiveCfg = Release|x64
		{ED4CE509-950B-4802-B0C5-66FA52193799}.Release|x64.Build.0 = Release|x64
		{ED4CE509-950B-4802-B0C5-66FA52193799}.Release|x86.ActiveCfg = Release|Win32
		{ED4CE509-950B-4802-B0C5-66FA52193799}.Release|x86.Build.0 = Release|Win32
		{B7BB13E0-F4F1-4EB6-A7C8-0F2995EEA25F}.Debug|x64.ActiveCfg = Debug|x64
		{B7BB13E0-F4F1-4EB6-A7C8-0F2995EEA25F}.Debug|x64.Build.0 = Debug|x64
		{B7BB13E0-F4F1-4EB6-A7C8-0F2995EEA25F}.Debug|x86.ActiveCfg = Debug|Win32
		{B7BB13E0-F4F1-4EB6-A7C8-0F2995EEA25F}.Debug|x86.Build.0 = Debug|Win32
		{B7BB13E0-F4F1-4EB6-A7C8-0F2995EEA25F}.Release|x64.ActiveCfg = Release|x64
		{B7BB13E0-F4F1-4EB6-A7C8-0F2995EEA25F}.Release|x64.Build.0 = Release|x64
		{B7BB13E0-F4F1-4EB6-A7C8-0F2995EEA25F}.Release|x86.ActiveCfg = Release|Win32
		{B7BB13E0-F4F1-4EB6-A7C8-0F2995EEA25F}.Release|x86.Build.0 = Release|Win32
		{8C99E2DD-8A77-4489-95EA-EFFA7749DA56}.Debug|x64.ActiveCfg = Debug|x64
		{8C99E2DD-8A77-4489-95EA-EFFA7749DA56}.Debug|x64.Build.0 = Debug|x64
		{8C99E2DD-8A77-4489-95EA-EFFA7749DA56}.Debug|x86.ActiveCfg = Debug|Win32
		{8C99E2DD-8A77-4489-95EA-EFFA7749DA56}.Debug|x86.Build.0 = Debug|Win32
		{8C99E2DD-8A77-4489-95EA-EFFA7749DA56}.Release|x64.ActiveCfg = Release|x64
		{8C99E2DD-8A77-4489-95EA-EFFA7749DA56}.Release|x64.Build.0 = Release|x64
		{8C99E2DD-8A77-4489-95EA-EFFA7749DA56}.Release|x86.ActiveCfg = Release|Win32
		{8C99E2DD-8A77-4489-95EA-EFFA7749DA56}.Release|x86.Build.0 = Release|Win32
	EndGlobalSection
	GlobalSection(SolutionProperties) = preSolution
		HideSolutionNode = FALSE
	EndGlobalSection
	GlobalSection(ExtensibilityGlobals) = postSolution
		SolutionGuid = {107C65BC-7065-4695-9107-D21B4C1D1F52}
	EndGlobalSection
EndGlobal
